// !$*UTF8*$!
{
	archiveVersion = 1;
	classes = {
	};
	objectVersion = 56;
	objects = {

/* Begin PBXBuildFile section */
		6317EE712B470EDA007662A5 /* BasicLabel.swift in Sources */ = {isa = PBXBuildFile; fileRef = 6317EE702B470EDA007662A5 /* BasicLabel.swift */; };
		6317EE742B470F90007662A5 /* UIFont+.swift in Sources */ = {isa = PBXBuildFile; fileRef = 6317EE732B470F90007662A5 /* UIFont+.swift */; };
		6317EE7E2B480063007662A5 /* NetworkMonitor.swift in Sources */ = {isa = PBXBuildFile; fileRef = 6317EE7D2B480063007662A5 /* NetworkMonitor.swift */; };
		6317EE842B480C83007662A5 /* Alamofire in Frameworks */ = {isa = PBXBuildFile; productRef = 6317EE832B480C83007662A5 /* Alamofire */; };
		6317EE882B480D20007662A5 /* APIKey.swift in Sources */ = {isa = PBXBuildFile; fileRef = 6317EE872B480D20007662A5 /* APIKey.swift */; };
		6317EE8A2B480D84007662A5 /* BaseURL.swift in Sources */ = {isa = PBXBuildFile; fileRef = 6317EE892B480D84007662A5 /* BaseURL.swift */; };
		6317EE922B487414007662A5 /* Moya in Frameworks */ = {isa = PBXBuildFile; productRef = 6317EE912B487414007662A5 /* Moya */; };
		6317EE942B487543007662A5 /* LilacAPI.swift in Sources */ = {isa = PBXBuildFile; fileRef = 6317EE932B487543007662A5 /* LilacAPI.swift */; };
		6317EE972B487812007662A5 /* Requester.swift in Sources */ = {isa = PBXBuildFile; fileRef = 6317EE962B487812007662A5 /* Requester.swift */; };
		6317EE992B487890007662A5 /* Responder.swift in Sources */ = {isa = PBXBuildFile; fileRef = 6317EE982B487890007662A5 /* Responder.swift */; };
		6317EE9B2B487BE5007662A5 /* LilacAPIError.swift in Sources */ = {isa = PBXBuildFile; fileRef = 6317EE9A2B487BE5007662A5 /* LilacAPIError.swift */; };
		6317EE9E2B487DD8007662A5 /* Auth + TargetType.swift in Sources */ = {isa = PBXBuildFile; fileRef = 6317EE9D2B487DD8007662A5 /* Auth + TargetType.swift */; };
		6317EEA02B488A35007662A5 /* User + TargetType.swift in Sources */ = {isa = PBXBuildFile; fileRef = 6317EE9F2B488A35007662A5 /* User + TargetType.swift */; };
		6317EEA42B4A93FE007662A5 /* LilacAPIManager.swift in Sources */ = {isa = PBXBuildFile; fileRef = 6317EEA32B4A93FE007662A5 /* LilacAPIManager.swift */; };
		6317EEAA2B4ABF34007662A5 /* NetworkingError.swift in Sources */ = {isa = PBXBuildFile; fileRef = 6317EEA92B4ABF34007662A5 /* NetworkingError.swift */; };
		6317EEAD2B4AD557007662A5 /* BaseViewController.swift in Sources */ = {isa = PBXBuildFile; fileRef = 6317EEAC2B4AD557007662A5 /* BaseViewController.swift */; };
		6317EEAF2B4AD7E6007662A5 /* BaseView.swift in Sources */ = {isa = PBXBuildFile; fileRef = 6317EEAE2B4AD7E6007662A5 /* BaseView.swift */; };
		6317EEB12B4AD89C007662A5 /* BaseTableViewCell.swift in Sources */ = {isa = PBXBuildFile; fileRef = 6317EEB02B4AD89C007662A5 /* BaseTableViewCell.swift */; };
		6317EEB32B4AD8C6007662A5 /* BaseCollectionViewCell.swift in Sources */ = {isa = PBXBuildFile; fileRef = 6317EEB22B4AD8C6007662A5 /* BaseCollectionViewCell.swift */; };
		6317EEC02B4BE878007662A5 /* SecItem.swift in Sources */ = {isa = PBXBuildFile; fileRef = 6317EEBF2B4BE878007662A5 /* SecItem.swift */; };
		6317EEC22B4BE895007662A5 /* KeychainManager.swift in Sources */ = {isa = PBXBuildFile; fileRef = 6317EEC12B4BE895007662A5 /* KeychainManager.swift */; };
		6317EEC42B4BE8AF007662A5 /* KeychainError.swift in Sources */ = {isa = PBXBuildFile; fileRef = 6317EEC32B4BE8AF007662A5 /* KeychainError.swift */; };
		6317EEC62B4BEE7E007662A5 /* UserDefault.swift in Sources */ = {isa = PBXBuildFile; fileRef = 6317EEC52B4BEE7E007662A5 /* UserDefault.swift */; };
		6317EECA2B4BF370007662A5 /* ToastAlert.swift in Sources */ = {isa = PBXBuildFile; fileRef = 6317EEC92B4BF370007662A5 /* ToastAlert.swift */; };
		6317EECC2B4C6201007662A5 /* PopUpAlertViewController.swift in Sources */ = {isa = PBXBuildFile; fileRef = 6317EECB2B4C6201007662A5 /* PopUpAlertViewController.swift */; };
		633190B42B503118005289E1 /* AlertAction.swift in Sources */ = {isa = PBXBuildFile; fileRef = 633190B32B503118005289E1 /* AlertAction.swift */; };
		633190B82B5064CA005289E1 /* OnboardingViewController.swift in Sources */ = {isa = PBXBuildFile; fileRef = 633190B72B5064CA005289E1 /* OnboardingViewController.swift */; };
		633190BA2B5069A8005289E1 /* FilledColorButton.swift in Sources */ = {isa = PBXBuildFile; fileRef = 633190B92B5069A8005289E1 /* FilledColorButton.swift */; };
		633190BD2B51B818005289E1 /* AuthViewController.swift in Sources */ = {isa = PBXBuildFile; fileRef = 633190BC2B51B818005289E1 /* AuthViewController.swift */; };
		633190CF2B53DBEA005289E1 /* RxKakaoSDKUser in Frameworks */ = {isa = PBXBuildFile; productRef = 633190CE2B53DBEA005289E1 /* RxKakaoSDKUser */; };
		633190D12B53DEF0005289E1 /* AuthViewModel.swift in Sources */ = {isa = PBXBuildFile; fileRef = 633190D02B53DEF0005289E1 /* AuthViewModel.swift */; };
		633190D62B550CD3005289E1 /* KakaoLoginService.swift in Sources */ = {isa = PBXBuildFile; fileRef = 633190D52B550CD3005289E1 /* KakaoLoginService.swift */; };
		633190DA2B550EAF005289E1 /* LilacUserService.swift in Sources */ = {isa = PBXBuildFile; fileRef = 633190D92B550EAF005289E1 /* LilacUserService.swift */; };
		633190DD2B552180005289E1 /* UserDefaultItem.swift in Sources */ = {isa = PBXBuildFile; fileRef = 633190DC2B552180005289E1 /* UserDefaultItem.swift */; };
		633190E02B5530B9005289E1 /* ViewModel.swift in Sources */ = {isa = PBXBuildFile; fileRef = 633190DF2B5530B9005289E1 /* ViewModel.swift */; };
		633190E32B556E89005289E1 /* LoginViewController.swift in Sources */ = {isa = PBXBuildFile; fileRef = 633190E22B556E89005289E1 /* LoginViewController.swift */; };
		633190E52B565B94005289E1 /* LabeledTextField.swift in Sources */ = {isa = PBXBuildFile; fileRef = 633190E42B565B93005289E1 /* LabeledTextField.swift */; };
		633190E72B568789005289E1 /* LoginViewModel.swift in Sources */ = {isa = PBXBuildFile; fileRef = 633190E62B568789005289E1 /* LoginViewModel.swift */; };
		633190E92B56C42A005289E1 /* String+.swift in Sources */ = {isa = PBXBuildFile; fileRef = 633190E82B56C42A005289E1 /* String+.swift */; };
		633190EC2B57AE29005289E1 /* SignUpViewController.swift in Sources */ = {isa = PBXBuildFile; fileRef = 633190EB2B57AE29005289E1 /* SignUpViewController.swift */; };
		633190EE2B57E208005289E1 /* SignUpViewModel.swift in Sources */ = {isa = PBXBuildFile; fileRef = 633190ED2B57E208005289E1 /* SignUpViewModel.swift */; };
		633CB45F2B46B6E900448E9B /* AppDelegate.swift in Sources */ = {isa = PBXBuildFile; fileRef = 633CB45E2B46B6E900448E9B /* AppDelegate.swift */; };
		633CB4612B46B6E900448E9B /* SceneDelegate.swift in Sources */ = {isa = PBXBuildFile; fileRef = 633CB4602B46B6E900448E9B /* SceneDelegate.swift */; };
		633CB4632B46B6E900448E9B /* ViewController.swift in Sources */ = {isa = PBXBuildFile; fileRef = 633CB4622B46B6E900448E9B /* ViewController.swift */; };
		633CB4682B46B6EA00448E9B /* Assets.xcassets in Resources */ = {isa = PBXBuildFile; fileRef = 633CB4672B46B6EA00448E9B /* Assets.xcassets */; };
		633CB46B2B46B6EA00448E9B /* LaunchScreen.storyboard in Resources */ = {isa = PBXBuildFile; fileRef = 633CB4692B46B6EA00448E9B /* LaunchScreen.storyboard */; };
		633CB4742B46B82F00448E9B /* RxCocoa in Frameworks */ = {isa = PBXBuildFile; productRef = 633CB4732B46B82F00448E9B /* RxCocoa */; };
		633CB4762B46B82F00448E9B /* RxSwift in Frameworks */ = {isa = PBXBuildFile; productRef = 633CB4752B46B82F00448E9B /* RxSwift */; };
		633CB4792B46B83F00448E9B /* SnapKit in Frameworks */ = {isa = PBXBuildFile; productRef = 633CB4782B46B83F00448E9B /* SnapKit */; };
		638CBF492B60D7DC00778283 /* WorkSpace + TargetType.swift in Sources */ = {isa = PBXBuildFile; fileRef = 638CBF482B60D7DC00778283 /* WorkSpace + TargetType.swift */; };
		638CBF4D2B60EAA700778283 /* KeychainStorage.swift in Sources */ = {isa = PBXBuildFile; fileRef = 638CBF4C2B60EAA700778283 /* KeychainStorage.swift */; };
		638CBF512B610B2C00778283 /* AuthInterceptor.swift in Sources */ = {isa = PBXBuildFile; fileRef = 638CBF502B610B2C00778283 /* AuthInterceptor.swift */; };
		638CBF532B610D8E00778283 /* LilacAuthService.swift in Sources */ = {isa = PBXBuildFile; fileRef = 638CBF522B610D8E00778283 /* LilacAuthService.swift */; };
/* End PBXBuildFile section */

/* Begin PBXFileReference section */
		6317EE702B470EDA007662A5 /* BasicLabel.swift */ = {isa = PBXFileReference; lastKnownFileType = sourcecode.swift; path = BasicLabel.swift; sourceTree = "<group>"; };
		6317EE732B470F90007662A5 /* UIFont+.swift */ = {isa = PBXFileReference; lastKnownFileType = sourcecode.swift; path = "UIFont+.swift"; sourceTree = "<group>"; };
		6317EE7D2B480063007662A5 /* NetworkMonitor.swift */ = {isa = PBXFileReference; lastKnownFileType = sourcecode.swift; path = NetworkMonitor.swift; sourceTree = "<group>"; };
		6317EE872B480D20007662A5 /* APIKey.swift */ = {isa = PBXFileReference; lastKnownFileType = sourcecode.swift; path = APIKey.swift; sourceTree = "<group>"; };
		6317EE892B480D84007662A5 /* BaseURL.swift */ = {isa = PBXFileReference; lastKnownFileType = sourcecode.swift; path = BaseURL.swift; sourceTree = "<group>"; };
		6317EE932B487543007662A5 /* LilacAPI.swift */ = {isa = PBXFileReference; lastKnownFileType = sourcecode.swift; path = LilacAPI.swift; sourceTree = "<group>"; };
		6317EE962B487812007662A5 /* Requester.swift */ = {isa = PBXFileReference; lastKnownFileType = sourcecode.swift; path = Requester.swift; sourceTree = "<group>"; };
		6317EE982B487890007662A5 /* Responder.swift */ = {isa = PBXFileReference; lastKnownFileType = sourcecode.swift; path = Responder.swift; sourceTree = "<group>"; };
		6317EE9A2B487BE5007662A5 /* LilacAPIError.swift */ = {isa = PBXFileReference; lastKnownFileType = sourcecode.swift; path = LilacAPIError.swift; sourceTree = "<group>"; };
		6317EE9D2B487DD8007662A5 /* Auth + TargetType.swift */ = {isa = PBXFileReference; lastKnownFileType = sourcecode.swift; path = "Auth + TargetType.swift"; sourceTree = "<group>"; };
		6317EE9F2B488A35007662A5 /* User + TargetType.swift */ = {isa = PBXFileReference; lastKnownFileType = sourcecode.swift; path = "User + TargetType.swift"; sourceTree = "<group>"; };
		6317EEA32B4A93FE007662A5 /* LilacAPIManager.swift */ = {isa = PBXFileReference; lastKnownFileType = sourcecode.swift; path = LilacAPIManager.swift; sourceTree = "<group>"; };
		6317EEA92B4ABF34007662A5 /* NetworkingError.swift */ = {isa = PBXFileReference; lastKnownFileType = sourcecode.swift; path = NetworkingError.swift; sourceTree = "<group>"; };
		6317EEAC2B4AD557007662A5 /* BaseViewController.swift */ = {isa = PBXFileReference; lastKnownFileType = sourcecode.swift; path = BaseViewController.swift; sourceTree = "<group>"; };
		6317EEAE2B4AD7E6007662A5 /* BaseView.swift */ = {isa = PBXFileReference; lastKnownFileType = sourcecode.swift; path = BaseView.swift; sourceTree = "<group>"; };
		6317EEB02B4AD89C007662A5 /* BaseTableViewCell.swift */ = {isa = PBXFileReference; lastKnownFileType = sourcecode.swift; path = BaseTableViewCell.swift; sourceTree = "<group>"; };
		6317EEB22B4AD8C6007662A5 /* BaseCollectionViewCell.swift */ = {isa = PBXFileReference; lastKnownFileType = sourcecode.swift; path = BaseCollectionViewCell.swift; sourceTree = "<group>"; };
		6317EEB92B4AE9F3007662A5 /* ko */ = {isa = PBXFileReference; lastKnownFileType = text.plist.strings; name = ko; path = ko.lproj/LaunchScreen.strings; sourceTree = "<group>"; };
		6317EEBF2B4BE878007662A5 /* SecItem.swift */ = {isa = PBXFileReference; lastKnownFileType = sourcecode.swift; path = SecItem.swift; sourceTree = "<group>"; };
		6317EEC12B4BE895007662A5 /* KeychainManager.swift */ = {isa = PBXFileReference; lastKnownFileType = sourcecode.swift; path = KeychainManager.swift; sourceTree = "<group>"; };
		6317EEC32B4BE8AF007662A5 /* KeychainError.swift */ = {isa = PBXFileReference; lastKnownFileType = sourcecode.swift; path = KeychainError.swift; sourceTree = "<group>"; };
		6317EEC52B4BEE7E007662A5 /* UserDefault.swift */ = {isa = PBXFileReference; lastKnownFileType = sourcecode.swift; path = UserDefault.swift; sourceTree = "<group>"; };
		6317EEC92B4BF370007662A5 /* ToastAlert.swift */ = {isa = PBXFileReference; lastKnownFileType = sourcecode.swift; path = ToastAlert.swift; sourceTree = "<group>"; };
		6317EECB2B4C6201007662A5 /* PopUpAlertViewController.swift */ = {isa = PBXFileReference; lastKnownFileType = sourcecode.swift; path = PopUpAlertViewController.swift; sourceTree = "<group>"; };
		633190B32B503118005289E1 /* AlertAction.swift */ = {isa = PBXFileReference; lastKnownFileType = sourcecode.swift; path = AlertAction.swift; sourceTree = "<group>"; };
		633190B72B5064CA005289E1 /* OnboardingViewController.swift */ = {isa = PBXFileReference; lastKnownFileType = sourcecode.swift; path = OnboardingViewController.swift; sourceTree = "<group>"; };
		633190B92B5069A8005289E1 /* FilledColorButton.swift */ = {isa = PBXFileReference; lastKnownFileType = sourcecode.swift; path = FilledColorButton.swift; sourceTree = "<group>"; };
		633190BC2B51B818005289E1 /* AuthViewController.swift */ = {isa = PBXFileReference; lastKnownFileType = sourcecode.swift; path = AuthViewController.swift; sourceTree = "<group>"; };
		633190D02B53DEF0005289E1 /* AuthViewModel.swift */ = {isa = PBXFileReference; lastKnownFileType = sourcecode.swift; path = AuthViewModel.swift; sourceTree = "<group>"; };
		633190D52B550CD3005289E1 /* KakaoLoginService.swift */ = {isa = PBXFileReference; lastKnownFileType = sourcecode.swift; path = KakaoLoginService.swift; sourceTree = "<group>"; };
		633190D92B550EAF005289E1 /* LilacUserService.swift */ = {isa = PBXFileReference; lastKnownFileType = sourcecode.swift; path = LilacUserService.swift; sourceTree = "<group>"; };
		633190DC2B552180005289E1 /* UserDefaultItem.swift */ = {isa = PBXFileReference; lastKnownFileType = sourcecode.swift; path = UserDefaultItem.swift; sourceTree = "<group>"; };
		633190DF2B5530B9005289E1 /* ViewModel.swift */ = {isa = PBXFileReference; lastKnownFileType = sourcecode.swift; path = ViewModel.swift; sourceTree = "<group>"; };
		633190E22B556E89005289E1 /* LoginViewController.swift */ = {isa = PBXFileReference; lastKnownFileType = sourcecode.swift; path = LoginViewController.swift; sourceTree = "<group>"; };
		633190E42B565B93005289E1 /* LabeledTextField.swift */ = {isa = PBXFileReference; lastKnownFileType = sourcecode.swift; path = LabeledTextField.swift; sourceTree = "<group>"; };
		633190E62B568789005289E1 /* LoginViewModel.swift */ = {isa = PBXFileReference; lastKnownFileType = sourcecode.swift; path = LoginViewModel.swift; sourceTree = "<group>"; };
		633190E82B56C42A005289E1 /* String+.swift */ = {isa = PBXFileReference; lastKnownFileType = sourcecode.swift; path = "String+.swift"; sourceTree = "<group>"; };
		633190EB2B57AE29005289E1 /* SignUpViewController.swift */ = {isa = PBXFileReference; lastKnownFileType = sourcecode.swift; path = SignUpViewController.swift; sourceTree = "<group>"; };
		633190ED2B57E208005289E1 /* SignUpViewModel.swift */ = {isa = PBXFileReference; lastKnownFileType = sourcecode.swift; path = SignUpViewModel.swift; sourceTree = "<group>"; };
		633CB45B2B46B6E900448E9B /* Lilac.app */ = {isa = PBXFileReference; explicitFileType = wrapper.application; includeInIndex = 0; path = Lilac.app; sourceTree = BUILT_PRODUCTS_DIR; };
		633CB45E2B46B6E900448E9B /* AppDelegate.swift */ = {isa = PBXFileReference; lastKnownFileType = sourcecode.swift; path = AppDelegate.swift; sourceTree = "<group>"; };
		633CB4602B46B6E900448E9B /* SceneDelegate.swift */ = {isa = PBXFileReference; lastKnownFileType = sourcecode.swift; path = SceneDelegate.swift; sourceTree = "<group>"; };
		633CB4622B46B6E900448E9B /* ViewController.swift */ = {isa = PBXFileReference; lastKnownFileType = sourcecode.swift; path = ViewController.swift; sourceTree = "<group>"; };
		633CB4672B46B6EA00448E9B /* Assets.xcassets */ = {isa = PBXFileReference; lastKnownFileType = folder.assetcatalog; path = Assets.xcassets; sourceTree = "<group>"; };
		633CB46A2B46B6EA00448E9B /* Base */ = {isa = PBXFileReference; lastKnownFileType = file.storyboard; name = Base; path = Base.lproj/LaunchScreen.storyboard; sourceTree = "<group>"; };
		633CB46C2B46B6EA00448E9B /* Info.plist */ = {isa = PBXFileReference; lastKnownFileType = text.plist.xml; path = Info.plist; sourceTree = "<group>"; };
		638CBF482B60D7DC00778283 /* WorkSpace + TargetType.swift */ = {isa = PBXFileReference; lastKnownFileType = sourcecode.swift; path = "WorkSpace + TargetType.swift"; sourceTree = "<group>"; };
		638CBF4C2B60EAA700778283 /* KeychainStorage.swift */ = {isa = PBXFileReference; lastKnownFileType = sourcecode.swift; path = KeychainStorage.swift; sourceTree = "<group>"; };
		638CBF502B610B2C00778283 /* AuthInterceptor.swift */ = {isa = PBXFileReference; lastKnownFileType = sourcecode.swift; path = AuthInterceptor.swift; sourceTree = "<group>"; };
		638CBF522B610D8E00778283 /* LilacAuthService.swift */ = {isa = PBXFileReference; lastKnownFileType = sourcecode.swift; path = LilacAuthService.swift; sourceTree = "<group>"; };
/* End PBXFileReference section */

/* Begin PBXFrameworksBuildPhase section */
		633CB4582B46B6E900448E9B /* Frameworks */ = {
			isa = PBXFrameworksBuildPhase;
			buildActionMask = 2147483647;
			files = (
				633190CF2B53DBEA005289E1 /* RxKakaoSDKUser in Frameworks */,
				633CB4792B46B83F00448E9B /* SnapKit in Frameworks */,
				6317EE842B480C83007662A5 /* Alamofire in Frameworks */,
				633CB4762B46B82F00448E9B /* RxSwift in Frameworks */,
				6317EE922B487414007662A5 /* Moya in Frameworks */,
				633CB4742B46B82F00448E9B /* RxCocoa in Frameworks */,
			);
			runOnlyForDeploymentPostprocessing = 0;
		};
/* End PBXFrameworksBuildPhase section */

/* Begin PBXGroup section */
		6317EE6F2B470EAC007662A5 /* Product */ = {
			isa = PBXGroup;
			children = (
				6317EEC92B4BF370007662A5 /* ToastAlert.swift */,
				6317EECB2B4C6201007662A5 /* PopUpAlertViewController.swift */,
				633190B92B5069A8005289E1 /* FilledColorButton.swift */,
				633190E42B565B93005289E1 /* LabeledTextField.swift */,
			);
			path = Product;
			sourceTree = "<group>";
		};
		6317EE722B470F7F007662A5 /* Extension */ = {
			isa = PBXGroup;
			children = (
				6317EE732B470F90007662A5 /* UIFont+.swift */,
				633190E82B56C42A005289E1 /* String+.swift */,
			);
			path = Extension;
			sourceTree = "<group>";
		};
		6317EE7C2B480045007662A5 /* Tools */ = {
			isa = PBXGroup;
			children = (
				633190B32B503118005289E1 /* AlertAction.swift */,
				6317EE7D2B480063007662A5 /* NetworkMonitor.swift */,
				6317EEBE2B4BE866007662A5 /* Keychain */,
				633190DB2B552167005289E1 /* UserDefaults */,
			);
			path = Tools;
			sourceTree = "<group>";
		};
		6317EE862B480D00007662A5 /* Network */ = {
			isa = PBXGroup;
			children = (
				6317EE872B480D20007662A5 /* APIKey.swift */,
				6317EE892B480D84007662A5 /* BaseURL.swift */,
				6317EE932B487543007662A5 /* LilacAPI.swift */,
				6317EEA32B4A93FE007662A5 /* LilacAPIManager.swift */,
				638CBF502B610B2C00778283 /* AuthInterceptor.swift */,
				6317EEA92B4ABF34007662A5 /* NetworkingError.swift */,
				6317EE9C2B487DAF007662A5 /* TargetType */,
				6317EE9A2B487BE5007662A5 /* LilacAPIError.swift */,
				6317EE952B4877EF007662A5 /* Model */,
			);
			path = Network;
			sourceTree = "<group>";
		};
		6317EE952B4877EF007662A5 /* Model */ = {
			isa = PBXGroup;
			children = (
				6317EE962B487812007662A5 /* Requester.swift */,
				6317EE982B487890007662A5 /* Responder.swift */,
			);
			path = Model;
			sourceTree = "<group>";
		};
		6317EE9C2B487DAF007662A5 /* TargetType */ = {
			isa = PBXGroup;
			children = (
				6317EE9D2B487DD8007662A5 /* Auth + TargetType.swift */,
				6317EE9F2B488A35007662A5 /* User + TargetType.swift */,
				638CBF482B60D7DC00778283 /* WorkSpace + TargetType.swift */,
			);
			path = TargetType;
			sourceTree = "<group>";
		};
		6317EEAB2B4AD540007662A5 /* BaseUI */ = {
			isa = PBXGroup;
			children = (
				6317EEAC2B4AD557007662A5 /* BaseViewController.swift */,
				6317EEAE2B4AD7E6007662A5 /* BaseView.swift */,
				6317EEB02B4AD89C007662A5 /* BaseTableViewCell.swift */,
				6317EEB22B4AD8C6007662A5 /* BaseCollectionViewCell.swift */,
				6317EE702B470EDA007662A5 /* BasicLabel.swift */,
			);
			path = BaseUI;
			sourceTree = "<group>";
		};
		6317EEBE2B4BE866007662A5 /* Keychain */ = {
			isa = PBXGroup;
			children = (
				6317EEBF2B4BE878007662A5 /* SecItem.swift */,
				6317EEC12B4BE895007662A5 /* KeychainManager.swift */,
				638CBF4C2B60EAA700778283 /* KeychainStorage.swift */,
				6317EEC32B4BE8AF007662A5 /* KeychainError.swift */,
			);
			path = Keychain;
			sourceTree = "<group>";
		};
		633190B52B506496005289E1 /* Scene */ = {
			isa = PBXGroup;
			children = (
				633190B62B5064AE005289E1 /* Onboarding */,
			);
			path = Scene;
			sourceTree = "<group>";
		};
		633190B62B5064AE005289E1 /* Onboarding */ = {
			isa = PBXGroup;
			children = (
				633190B72B5064CA005289E1 /* OnboardingViewController.swift */,
				633190BC2B51B818005289E1 /* AuthViewController.swift */,
				633190D02B53DEF0005289E1 /* AuthViewModel.swift */,
				633190E12B556E35005289E1 /* Login */,
				633190EA2B57ADC8005289E1 /* SignUp */,
			);
			path = Onboarding;
			sourceTree = "<group>";
		};
		633190D22B550CAD005289E1 /* Service */ = {
			isa = PBXGroup;
			children = (
				633190D52B550CD3005289E1 /* KakaoLoginService.swift */,
				638CBF522B610D8E00778283 /* LilacAuthService.swift */,
				633190D92B550EAF005289E1 /* LilacUserService.swift */,
			);
			path = Service;
			sourceTree = "<group>";
		};
		633190DB2B552167005289E1 /* UserDefaults */ = {
			isa = PBXGroup;
			children = (
				6317EEC52B4BEE7E007662A5 /* UserDefault.swift */,
				633190DC2B552180005289E1 /* UserDefaultItem.swift */,
			);
			path = UserDefaults;
			sourceTree = "<group>";
		};
		633190DE2B5530AB005289E1 /* Protocel */ = {
			isa = PBXGroup;
			children = (
				633190DF2B5530B9005289E1 /* ViewModel.swift */,
			);
			path = Protocel;
			sourceTree = "<group>";
		};
		633190E12B556E35005289E1 /* Login */ = {
			isa = PBXGroup;
			children = (
				633190E22B556E89005289E1 /* LoginViewController.swift */,
				633190E62B568789005289E1 /* LoginViewModel.swift */,
			);
			path = Login;
			sourceTree = "<group>";
		};
		633190EA2B57ADC8005289E1 /* SignUp */ = {
			isa = PBXGroup;
			children = (
				633190EB2B57AE29005289E1 /* SignUpViewController.swift */,
				633190ED2B57E208005289E1 /* SignUpViewModel.swift */,
			);
			path = SignUp;
			sourceTree = "<group>";
		};
		633CB4522B46B6E900448E9B = {
			isa = PBXGroup;
			children = (
				633CB45D2B46B6E900448E9B /* Lilac */,
				633CB45C2B46B6E900448E9B /* Products */,
			);
			sourceTree = "<group>";
		};
		633CB45C2B46B6E900448E9B /* Products */ = {
			isa = PBXGroup;
			children = (
				633CB45B2B46B6E900448E9B /* Lilac.app */,
			);
			name = Products;
			sourceTree = "<group>";
		};
		633CB45D2B46B6E900448E9B /* Lilac */ = {
			isa = PBXGroup;
			children = (
				633CB45E2B46B6E900448E9B /* AppDelegate.swift */,
				633CB4602B46B6E900448E9B /* SceneDelegate.swift */,
				633CB4622B46B6E900448E9B /* ViewController.swift */,
				633190DE2B5530AB005289E1 /* Protocel */,
				633190B52B506496005289E1 /* Scene */,
				6317EE6F2B470EAC007662A5 /* Product */,
				6317EEAB2B4AD540007662A5 /* BaseUI */,
				633190D22B550CAD005289E1 /* Service */,
				6317EE862B480D00007662A5 /* Network */,
				6317EE7C2B480045007662A5 /* Tools */,
				6317EE722B470F7F007662A5 /* Extension */,
				633CB4672B46B6EA00448E9B /* Assets.xcassets */,
				633CB4692B46B6EA00448E9B /* LaunchScreen.storyboard */,
				633CB46C2B46B6EA00448E9B /* Info.plist */,
			);
			path = Lilac;
			sourceTree = "<group>";
		};
/* End PBXGroup section */

/* Begin PBXNativeTarget section */
		633CB45A2B46B6E900448E9B /* Lilac */ = {
			isa = PBXNativeTarget;
			buildConfigurationList = 633CB46F2B46B6EA00448E9B /* Build configuration list for PBXNativeTarget "Lilac" */;
			buildPhases = (
				633CB4572B46B6E900448E9B /* Sources */,
				633CB4582B46B6E900448E9B /* Frameworks */,
				633CB4592B46B6E900448E9B /* Resources */,
			);
			buildRules = (
			);
			dependencies = (
			);
			name = Lilac;
			packageProductDependencies = (
				633CB4732B46B82F00448E9B /* RxCocoa */,
				633CB4752B46B82F00448E9B /* RxSwift */,
				633CB4782B46B83F00448E9B /* SnapKit */,
				6317EE832B480C83007662A5 /* Alamofire */,
				6317EE912B487414007662A5 /* Moya */,
				633190CE2B53DBEA005289E1 /* RxKakaoSDKUser */,
			);
			productName = Lilac;
			productReference = 633CB45B2B46B6E900448E9B /* Lilac.app */;
			productType = "com.apple.product-type.application";
		};
/* End PBXNativeTarget section */

/* Begin PBXProject section */
		633CB4532B46B6E900448E9B /* Project object */ = {
			isa = PBXProject;
			attributes = {
				BuildIndependentTargetsInParallel = 1;
				LastSwiftUpdateCheck = 1510;
				LastUpgradeCheck = 1510;
				TargetAttributes = {
					633CB45A2B46B6E900448E9B = {
						CreatedOnToolsVersion = 15.1;
					};
				};
			};
			buildConfigurationList = 633CB4562B46B6E900448E9B /* Build configuration list for PBXProject "Lilac" */;
			compatibilityVersion = "Xcode 14.0";
			developmentRegion = ko;
			hasScannedForEncodings = 0;
			knownRegions = (
				Base,
				ko,
			);
			mainGroup = 633CB4522B46B6E900448E9B;
			packageReferences = (
				633CB4722B46B82F00448E9B /* XCRemoteSwiftPackageReference "RxSwift" */,
				633CB4772B46B83F00448E9B /* XCRemoteSwiftPackageReference "SnapKit" */,
				6317EE822B480C83007662A5 /* XCRemoteSwiftPackageReference "Alamofire" */,
				6317EE902B487414007662A5 /* XCRemoteSwiftPackageReference "Moya" */,
				633190CD2B53DBEA005289E1 /* XCRemoteSwiftPackageReference "kakao-ios-sdk-rx" */,
			);
			productRefGroup = 633CB45C2B46B6E900448E9B /* Products */;
			projectDirPath = "";
			projectRoot = "";
			targets = (
				633CB45A2B46B6E900448E9B /* Lilac */,
			);
		};
/* End PBXProject section */

/* Begin PBXResourcesBuildPhase section */
		633CB4592B46B6E900448E9B /* Resources */ = {
			isa = PBXResourcesBuildPhase;
			buildActionMask = 2147483647;
			files = (
				633CB46B2B46B6EA00448E9B /* LaunchScreen.storyboard in Resources */,
				633CB4682B46B6EA00448E9B /* Assets.xcassets in Resources */,
			);
			runOnlyForDeploymentPostprocessing = 0;
		};
/* End PBXResourcesBuildPhase section */

/* Begin PBXSourcesBuildPhase section */
		633CB4572B46B6E900448E9B /* Sources */ = {
			isa = PBXSourcesBuildPhase;
			buildActionMask = 2147483647;
			files = (
				633190E32B556E89005289E1 /* LoginViewController.swift in Sources */,
				633190B42B503118005289E1 /* AlertAction.swift in Sources */,
				633CB4632B46B6E900448E9B /* ViewController.swift in Sources */,
				633190DA2B550EAF005289E1 /* LilacUserService.swift in Sources */,
				638CBF492B60D7DC00778283 /* WorkSpace + TargetType.swift in Sources */,
				6317EE882B480D20007662A5 /* APIKey.swift in Sources */,
				633190D62B550CD3005289E1 /* KakaoLoginService.swift in Sources */,
				6317EEAA2B4ABF34007662A5 /* NetworkingError.swift in Sources */,
				6317EEB12B4AD89C007662A5 /* BaseTableViewCell.swift in Sources */,
				638CBF512B610B2C00778283 /* AuthInterceptor.swift in Sources */,
				6317EE9E2B487DD8007662A5 /* Auth + TargetType.swift in Sources */,
				6317EEB32B4AD8C6007662A5 /* BaseCollectionViewCell.swift in Sources */,
				633190E92B56C42A005289E1 /* String+.swift in Sources */,
				6317EE7E2B480063007662A5 /* NetworkMonitor.swift in Sources */,
				6317EEA42B4A93FE007662A5 /* LilacAPIManager.swift in Sources */,
				6317EEC42B4BE8AF007662A5 /* KeychainError.swift in Sources */,
				633CB45F2B46B6E900448E9B /* AppDelegate.swift in Sources */,
				633190B82B5064CA005289E1 /* OnboardingViewController.swift in Sources */,
				6317EEAD2B4AD557007662A5 /* BaseViewController.swift in Sources */,
				633190BA2B5069A8005289E1 /* FilledColorButton.swift in Sources */,
				6317EEC02B4BE878007662A5 /* SecItem.swift in Sources */,
				6317EEA02B488A35007662A5 /* User + TargetType.swift in Sources */,
				6317EE742B470F90007662A5 /* UIFont+.swift in Sources */,
				6317EE942B487543007662A5 /* LilacAPI.swift in Sources */,
				633190E02B5530B9005289E1 /* ViewModel.swift in Sources */,
				6317EE712B470EDA007662A5 /* BasicLabel.swift in Sources */,
				6317EE9B2B487BE5007662A5 /* LilacAPIError.swift in Sources */,
				6317EE8A2B480D84007662A5 /* BaseURL.swift in Sources */,
				6317EEC22B4BE895007662A5 /* KeychainManager.swift in Sources */,
				633190BD2B51B818005289E1 /* AuthViewController.swift in Sources */,
				6317EE992B487890007662A5 /* Responder.swift in Sources */,
				6317EECC2B4C6201007662A5 /* PopUpAlertViewController.swift in Sources */,
				633190DD2B552180005289E1 /* UserDefaultItem.swift in Sources */,
				6317EEC62B4BEE7E007662A5 /* UserDefault.swift in Sources */,
				633190D12B53DEF0005289E1 /* AuthViewModel.swift in Sources */,
				633190E52B565B94005289E1 /* LabeledTextField.swift in Sources */,
				633190EC2B57AE29005289E1 /* SignUpViewController.swift in Sources */,
				6317EEAF2B4AD7E6007662A5 /* BaseView.swift in Sources */,
				638CBF4D2B60EAA700778283 /* KeychainStorage.swift in Sources */,
				6317EE972B487812007662A5 /* Requester.swift in Sources */,
				6317EECA2B4BF370007662A5 /* ToastAlert.swift in Sources */,
				633190E72B568789005289E1 /* LoginViewModel.swift in Sources */,
				633190EE2B57E208005289E1 /* SignUpViewModel.swift in Sources */,
				638CBF532B610D8E00778283 /* LilacAuthService.swift in Sources */,
				633CB4612B46B6E900448E9B /* SceneDelegate.swift in Sources */,
			);
			runOnlyForDeploymentPostprocessing = 0;
		};
/* End PBXSourcesBuildPhase section */

/* Begin PBXVariantGroup section */
		633CB4692B46B6EA00448E9B /* LaunchScreen.storyboard */ = {
			isa = PBXVariantGroup;
			children = (
				633CB46A2B46B6EA00448E9B /* Base */,
				6317EEB92B4AE9F3007662A5 /* ko */,
			);
			name = LaunchScreen.storyboard;
			sourceTree = "<group>";
		};
/* End PBXVariantGroup section */

/* Begin XCBuildConfiguration section */
		633CB46D2B46B6EA00448E9B /* Debug */ = {
			isa = XCBuildConfiguration;
			buildSettings = {
				ALWAYS_SEARCH_USER_PATHS = NO;
				ASSETCATALOG_COMPILER_GENERATE_SWIFT_ASSET_SYMBOL_EXTENSIONS = YES;
				CLANG_ANALYZER_LOCALIZABILITY_NONLOCALIZED = YES;
				CLANG_ANALYZER_NONNULL = YES;
				CLANG_ANALYZER_NUMBER_OBJECT_CONVERSION = YES_AGGRESSIVE;
				CLANG_CXX_LANGUAGE_STANDARD = "gnu++20";
				CLANG_ENABLE_MODULES = YES;
				CLANG_ENABLE_OBJC_ARC = YES;
				CLANG_ENABLE_OBJC_WEAK = YES;
				CLANG_WARN_BLOCK_CAPTURE_AUTORELEASING = YES;
				CLANG_WARN_BOOL_CONVERSION = YES;
				CLANG_WARN_COMMA = YES;
				CLANG_WARN_CONSTANT_CONVERSION = YES;
				CLANG_WARN_DEPRECATED_OBJC_IMPLEMENTATIONS = YES;
				CLANG_WARN_DIRECT_OBJC_ISA_USAGE = YES_ERROR;
				CLANG_WARN_DOCUMENTATION_COMMENTS = YES;
				CLANG_WARN_EMPTY_BODY = YES;
				CLANG_WARN_ENUM_CONVERSION = YES;
				CLANG_WARN_INFINITE_RECURSION = YES;
				CLANG_WARN_INT_CONVERSION = YES;
				CLANG_WARN_NON_LITERAL_NULL_CONVERSION = YES;
				CLANG_WARN_OBJC_IMPLICIT_RETAIN_SELF = YES;
				CLANG_WARN_OBJC_LITERAL_CONVERSION = YES;
				CLANG_WARN_OBJC_ROOT_CLASS = YES_ERROR;
				CLANG_WARN_QUOTED_INCLUDE_IN_FRAMEWORK_HEADER = YES;
				CLANG_WARN_RANGE_LOOP_ANALYSIS = YES;
				CLANG_WARN_STRICT_PROTOTYPES = YES;
				CLANG_WARN_SUSPICIOUS_MOVE = YES;
				CLANG_WARN_UNGUARDED_AVAILABILITY = YES_AGGRESSIVE;
				CLANG_WARN_UNREACHABLE_CODE = YES;
				CLANG_WARN__DUPLICATE_METHOD_MATCH = YES;
				COPY_PHASE_STRIP = NO;
				DEBUG_INFORMATION_FORMAT = dwarf;
				ENABLE_STRICT_OBJC_MSGSEND = YES;
				ENABLE_TESTABILITY = YES;
				ENABLE_USER_SCRIPT_SANDBOXING = YES;
				GCC_C_LANGUAGE_STANDARD = gnu17;
				GCC_DYNAMIC_NO_PIC = NO;
				GCC_NO_COMMON_BLOCKS = YES;
				GCC_OPTIMIZATION_LEVEL = 0;
				GCC_PREPROCESSOR_DEFINITIONS = (
					"DEBUG=1",
					"$(inherited)",
				);
				GCC_WARN_64_TO_32_BIT_CONVERSION = YES;
				GCC_WARN_ABOUT_RETURN_TYPE = YES_ERROR;
				GCC_WARN_UNDECLARED_SELECTOR = YES;
				GCC_WARN_UNINITIALIZED_AUTOS = YES_AGGRESSIVE;
				GCC_WARN_UNUSED_FUNCTION = YES;
				GCC_WARN_UNUSED_VARIABLE = YES;
				IPHONEOS_DEPLOYMENT_TARGET = 17.2;
				LOCALIZATION_PREFERS_STRING_CATALOGS = YES;
				MTL_ENABLE_DEBUG_INFO = INCLUDE_SOURCE;
				MTL_FAST_MATH = YES;
				ONLY_ACTIVE_ARCH = YES;
				SDKROOT = iphoneos;
				SWIFT_ACTIVE_COMPILATION_CONDITIONS = "DEBUG $(inherited)";
				SWIFT_OPTIMIZATION_LEVEL = "-Onone";
			};
			name = Debug;
		};
		633CB46E2B46B6EA00448E9B /* Release */ = {
			isa = XCBuildConfiguration;
			buildSettings = {
				ALWAYS_SEARCH_USER_PATHS = NO;
				ASSETCATALOG_COMPILER_GENERATE_SWIFT_ASSET_SYMBOL_EXTENSIONS = YES;
				CLANG_ANALYZER_LOCALIZABILITY_NONLOCALIZED = YES;
				CLANG_ANALYZER_NONNULL = YES;
				CLANG_ANALYZER_NUMBER_OBJECT_CONVERSION = YES_AGGRESSIVE;
				CLANG_CXX_LANGUAGE_STANDARD = "gnu++20";
				CLANG_ENABLE_MODULES = YES;
				CLANG_ENABLE_OBJC_ARC = YES;
				CLANG_ENABLE_OBJC_WEAK = YES;
				CLANG_WARN_BLOCK_CAPTURE_AUTORELEASING = YES;
				CLANG_WARN_BOOL_CONVERSION = YES;
				CLANG_WARN_COMMA = YES;
				CLANG_WARN_CONSTANT_CONVERSION = YES;
				CLANG_WARN_DEPRECATED_OBJC_IMPLEMENTATIONS = YES;
				CLANG_WARN_DIRECT_OBJC_ISA_USAGE = YES_ERROR;
				CLANG_WARN_DOCUMENTATION_COMMENTS = YES;
				CLANG_WARN_EMPTY_BODY = YES;
				CLANG_WARN_ENUM_CONVERSION = YES;
				CLANG_WARN_INFINITE_RECURSION = YES;
				CLANG_WARN_INT_CONVERSION = YES;
				CLANG_WARN_NON_LITERAL_NULL_CONVERSION = YES;
				CLANG_WARN_OBJC_IMPLICIT_RETAIN_SELF = YES;
				CLANG_WARN_OBJC_LITERAL_CONVERSION = YES;
				CLANG_WARN_OBJC_ROOT_CLASS = YES_ERROR;
				CLANG_WARN_QUOTED_INCLUDE_IN_FRAMEWORK_HEADER = YES;
				CLANG_WARN_RANGE_LOOP_ANALYSIS = YES;
				CLANG_WARN_STRICT_PROTOTYPES = YES;
				CLANG_WARN_SUSPICIOUS_MOVE = YES;
				CLANG_WARN_UNGUARDED_AVAILABILITY = YES_AGGRESSIVE;
				CLANG_WARN_UNREACHABLE_CODE = YES;
				CLANG_WARN__DUPLICATE_METHOD_MATCH = YES;
				COPY_PHASE_STRIP = NO;
				DEBUG_INFORMATION_FORMAT = "dwarf-with-dsym";
				ENABLE_NS_ASSERTIONS = NO;
				ENABLE_STRICT_OBJC_MSGSEND = YES;
				ENABLE_USER_SCRIPT_SANDBOXING = YES;
				GCC_C_LANGUAGE_STANDARD = gnu17;
				GCC_NO_COMMON_BLOCKS = YES;
				GCC_WARN_64_TO_32_BIT_CONVERSION = YES;
				GCC_WARN_ABOUT_RETURN_TYPE = YES_ERROR;
				GCC_WARN_UNDECLARED_SELECTOR = YES;
				GCC_WARN_UNINITIALIZED_AUTOS = YES_AGGRESSIVE;
				GCC_WARN_UNUSED_FUNCTION = YES;
				GCC_WARN_UNUSED_VARIABLE = YES;
				IPHONEOS_DEPLOYMENT_TARGET = 17.2;
				LOCALIZATION_PREFERS_STRING_CATALOGS = YES;
				MTL_ENABLE_DEBUG_INFO = NO;
				MTL_FAST_MATH = YES;
				SDKROOT = iphoneos;
				SWIFT_COMPILATION_MODE = wholemodule;
				VALIDATE_PRODUCT = YES;
			};
			name = Release;
		};
		633CB4702B46B6EA00448E9B /* Debug */ = {
			isa = XCBuildConfiguration;
			buildSettings = {
				ASSETCATALOG_COMPILER_APPICON_NAME = AppIcon;
				ASSETCATALOG_COMPILER_GLOBAL_ACCENT_COLOR_NAME = AccentColor;
				CODE_SIGN_STYLE = Automatic;
				CURRENT_PROJECT_VERSION = 1;
				DEVELOPMENT_TEAM = 39J2PNZP7V;
				GENERATE_INFOPLIST_FILE = YES;
				INFOPLIST_FILE = Lilac/Info.plist;
				INFOPLIST_KEY_CFBundleDisplayName = "라일락";
				INFOPLIST_KEY_LSApplicationCategoryType = "public.app-category.social-networking";
				INFOPLIST_KEY_UIApplicationSupportsIndirectInputEvents = YES;
				INFOPLIST_KEY_UILaunchStoryboardName = LaunchScreen;
				INFOPLIST_KEY_UISupportedInterfaceOrientations = UIInterfaceOrientationPortrait;
				INFOPLIST_KEY_UISupportedInterfaceOrientations_iPad = "UIInterfaceOrientationLandscapeLeft UIInterfaceOrientationLandscapeRight UIInterfaceOrientationPortrait UIInterfaceOrientationPortraitUpsideDown";
				INFOPLIST_KEY_UIUserInterfaceStyle = Light;
				IPHONEOS_DEPLOYMENT_TARGET = 16.0;
				LD_RUNPATH_SEARCH_PATHS = (
					"$(inherited)",
					"@executable_path/Frameworks",
				);
				MARKETING_VERSION = 1.0;
				PRODUCT_BUNDLE_IDENTIFIER = "com.steady-on.Lilac";
				PRODUCT_NAME = "$(TARGET_NAME)";
				SUPPORTED_PLATFORMS = "iphoneos iphonesimulator";
				SUPPORTS_MACCATALYST = NO;
				SUPPORTS_MAC_DESIGNED_FOR_IPHONE_IPAD = NO;
				SWIFT_EMIT_LOC_STRINGS = YES;
				SWIFT_VERSION = 5.0;
				TARGETED_DEVICE_FAMILY = 1;
			};
			name = Debug;
		};
		633CB4712B46B6EA00448E9B /* Release */ = {
			isa = XCBuildConfiguration;
			buildSettings = {
				ASSETCATALOG_COMPILER_APPICON_NAME = AppIcon;
				ASSETCATALOG_COMPILER_GLOBAL_ACCENT_COLOR_NAME = AccentColor;
				CODE_SIGN_STYLE = Automatic;
				CURRENT_PROJECT_VERSION = 1;
				DEVELOPMENT_TEAM = 39J2PNZP7V;
				GENERATE_INFOPLIST_FILE = YES;
				INFOPLIST_FILE = Lilac/Info.plist;
				INFOPLIST_KEY_CFBundleDisplayName = "라일락";
				INFOPLIST_KEY_LSApplicationCategoryType = "public.app-category.social-networking";
				INFOPLIST_KEY_UIApplicationSupportsIndirectInputEvents = YES;
				INFOPLIST_KEY_UILaunchStoryboardName = LaunchScreen;
				INFOPLIST_KEY_UISupportedInterfaceOrientations = UIInterfaceOrientationPortrait;
				INFOPLIST_KEY_UISupportedInterfaceOrientations_iPad = "UIInterfaceOrientationLandscapeLeft UIInterfaceOrientationLandscapeRight UIInterfaceOrientationPortrait UIInterfaceOrientationPortraitUpsideDown";
				INFOPLIST_KEY_UIUserInterfaceStyle = Light;
				IPHONEOS_DEPLOYMENT_TARGET = 16.0;
				LD_RUNPATH_SEARCH_PATHS = (
					"$(inherited)",
					"@executable_path/Frameworks",
				);
				MARKETING_VERSION = 1.0;
				PRODUCT_BUNDLE_IDENTIFIER = "com.steady-on.Lilac";
				PRODUCT_NAME = "$(TARGET_NAME)";
				SUPPORTED_PLATFORMS = "iphoneos iphonesimulator";
				SUPPORTS_MACCATALYST = NO;
				SUPPORTS_MAC_DESIGNED_FOR_IPHONE_IPAD = NO;
				SWIFT_EMIT_LOC_STRINGS = YES;
				SWIFT_VERSION = 5.0;
				TARGETED_DEVICE_FAMILY = 1;
			};
			name = Release;
		};
/* End XCBuildConfiguration section */

/* Begin XCConfigurationList section */
		633CB4562B46B6E900448E9B /* Build configuration list for PBXProject "Lilac" */ = {
			isa = XCConfigurationList;
			buildConfigurations = (
				633CB46D2B46B6EA00448E9B /* Debug */,
				633CB46E2B46B6EA00448E9B /* Release */,
			);
			defaultConfigurationIsVisible = 0;
			defaultConfigurationName = Release;
		};
		633CB46F2B46B6EA00448E9B /* Build configuration list for PBXNativeTarget "Lilac" */ = {
			isa = XCConfigurationList;
			buildConfigurations = (
				633CB4702B46B6EA00448E9B /* Debug */,
				633CB4712B46B6EA00448E9B /* Release */,
			);
			defaultConfigurationIsVisible = 0;
			defaultConfigurationName = Release;
		};
/* End XCConfigurationList section */

/* Begin XCRemoteSwiftPackageReference section */
		6317EE822B480C83007662A5 /* XCRemoteSwiftPackageReference "Alamofire" */ = {
			isa = XCRemoteSwiftPackageReference;
			repositoryURL = "https://github.com/Alamofire/Alamofire";
			requirement = {
				kind = upToNextMajorVersion;
				minimumVersion = 5.8.1;
			};
		};
		6317EE902B487414007662A5 /* XCRemoteSwiftPackageReference "Moya" */ = {
			isa = XCRemoteSwiftPackageReference;
			repositoryURL = "https://github.com/Moya/Moya.git";
			requirement = {
				kind = upToNextMajorVersion;
				minimumVersion = 15.0.3;
			};
		};
		633190CD2B53DBEA005289E1 /* XCRemoteSwiftPackageReference "kakao-ios-sdk-rx" */ = {
			isa = XCRemoteSwiftPackageReference;
			repositoryURL = "https://github.com/kakao/kakao-ios-sdk-rx";
			requirement = {
				branch = master;
				kind = branch;
			};
		};
		633CB4722B46B82F00448E9B /* XCRemoteSwiftPackageReference "RxSwift" */ = {
			isa = XCRemoteSwiftPackageReference;
			repositoryURL = "https://github.com/ReactiveX/RxSwift.git";
			requirement = {
				kind = upToNextMajorVersion;
				minimumVersion = 6.6.0;
			};
		};
		633CB4772B46B83F00448E9B /* XCRemoteSwiftPackageReference "SnapKit" */ = {
			isa = XCRemoteSwiftPackageReference;
			repositoryURL = "https://github.com/SnapKit/SnapKit.git";
			requirement = {
				kind = upToNextMajorVersion;
				minimumVersion = 5.7.0;
			};
		};
/* End XCRemoteSwiftPackageReference section */

/* Begin XCSwiftPackageProductDependency section */
		6317EE832B480C83007662A5 /* Alamofire */ = {
			isa = XCSwiftPackageProductDependency;
			package = 6317EE822B480C83007662A5 /* XCRemoteSwiftPackageReference "Alamofire" */;
			productName = Alamofire;
		};
		6317EE912B487414007662A5 /* Moya */ = {
			isa = XCSwiftPackageProductDependency;
			package = 6317EE902B487414007662A5 /* XCRemoteSwiftPackageReference "Moya" */;
			productName = Moya;
		};
		633190CE2B53DBEA005289E1 /* RxKakaoSDKUser */ = {
			isa = XCSwiftPackageProductDependency;
			package = 633190CD2B53DBEA005289E1 /* XCRemoteSwiftPackageReference "kakao-ios-sdk-rx" */;
			productName = RxKakaoSDKUser;
		};
		633CB4732B46B82F00448E9B /* RxCocoa */ = {
			isa = XCSwiftPackageProductDependency;
			package = 633CB4722B46B82F00448E9B /* XCRemoteSwiftPackageReference "RxSwift" */;
			productName = RxCocoa;
		};
		633CB4752B46B82F00448E9B /* RxSwift */ = {
			isa = XCSwiftPackageProductDependency;
			package = 633CB4722B46B82F00448E9B /* XCRemoteSwiftPackageReference "RxSwift" */;
			productName = RxSwift;
		};
		633CB4782B46B83F00448E9B /* SnapKit */ = {
			isa = XCSwiftPackageProductDependency;
			package = 633CB4772B46B83F00448E9B /* XCRemoteSwiftPackageReference "SnapKit" */;
			productName = SnapKit;
		};
/* End XCSwiftPackageProductDependency section */
	};
	rootObject = 633CB4532B46B6E900448E9B /* Project object */;
}
