// !$*UTF8*$!
{
	archiveVersion = 1;
	classes = {
	};
	objectVersion = 56;
	objects = {

/* Begin PBXBuildFile section */
		6317EE712B470EDA007662A5 /* Label.swift in Sources */ = {isa = PBXBuildFile; fileRef = 6317EE702B470EDA007662A5 /* Label.swift */; };
		6317EE742B470F90007662A5 /* UIFont+.swift in Sources */ = {isa = PBXBuildFile; fileRef = 6317EE732B470F90007662A5 /* UIFont+.swift */; };
		6317EE7E2B480063007662A5 /* NetworkMonitor.swift in Sources */ = {isa = PBXBuildFile; fileRef = 6317EE7D2B480063007662A5 /* NetworkMonitor.swift */; };
		6317EE842B480C83007662A5 /* Alamofire in Frameworks */ = {isa = PBXBuildFile; productRef = 6317EE832B480C83007662A5 /* Alamofire */; };
		6317EE882B480D20007662A5 /* APIKey.swift in Sources */ = {isa = PBXBuildFile; fileRef = 6317EE872B480D20007662A5 /* APIKey.swift */; };
		6317EE8A2B480D84007662A5 /* BaseURL.swift in Sources */ = {isa = PBXBuildFile; fileRef = 6317EE892B480D84007662A5 /* BaseURL.swift */; };
		6317EE922B487414007662A5 /* Moya in Frameworks */ = {isa = PBXBuildFile; productRef = 6317EE912B487414007662A5 /* Moya */; };
		6317EE942B487543007662A5 /* LilacAPI.swift in Sources */ = {isa = PBXBuildFile; fileRef = 6317EE932B487543007662A5 /* LilacAPI.swift */; };
		6317EE992B487890007662A5 /* Responder.swift in Sources */ = {isa = PBXBuildFile; fileRef = 6317EE982B487890007662A5 /* Responder.swift */; };
		6317EE9B2B487BE5007662A5 /* LilacAPIError.swift in Sources */ = {isa = PBXBuildFile; fileRef = 6317EE9A2B487BE5007662A5 /* LilacAPIError.swift */; };
		6317EE9E2B487DD8007662A5 /* Auth + TargetType.swift in Sources */ = {isa = PBXBuildFile; fileRef = 6317EE9D2B487DD8007662A5 /* Auth + TargetType.swift */; };
		633CB45F2B46B6E900448E9B /* AppDelegate.swift in Sources */ = {isa = PBXBuildFile; fileRef = 633CB45E2B46B6E900448E9B /* AppDelegate.swift */; };
		633CB4612B46B6E900448E9B /* SceneDelegate.swift in Sources */ = {isa = PBXBuildFile; fileRef = 633CB4602B46B6E900448E9B /* SceneDelegate.swift */; };
		633CB4632B46B6E900448E9B /* ViewController.swift in Sources */ = {isa = PBXBuildFile; fileRef = 633CB4622B46B6E900448E9B /* ViewController.swift */; };
		633CB4682B46B6EA00448E9B /* Assets.xcassets in Resources */ = {isa = PBXBuildFile; fileRef = 633CB4672B46B6EA00448E9B /* Assets.xcassets */; };
		633CB46B2B46B6EA00448E9B /* LaunchScreen.storyboard in Resources */ = {isa = PBXBuildFile; fileRef = 633CB4692B46B6EA00448E9B /* LaunchScreen.storyboard */; };
		633CB4742B46B82F00448E9B /* RxCocoa in Frameworks */ = {isa = PBXBuildFile; productRef = 633CB4732B46B82F00448E9B /* RxCocoa */; };
		633CB4762B46B82F00448E9B /* RxSwift in Frameworks */ = {isa = PBXBuildFile; productRef = 633CB4752B46B82F00448E9B /* RxSwift */; };
		633CB4792B46B83F00448E9B /* SnapKit in Frameworks */ = {isa = PBXBuildFile; productRef = 633CB4782B46B83F00448E9B /* SnapKit */; };
/* End PBXBuildFile section */

/* Begin PBXFileReference section */
		6317EE702B470EDA007662A5 /* Label.swift */ = {isa = PBXFileReference; lastKnownFileType = sourcecode.swift; path = Label.swift; sourceTree = "<group>"; };
		6317EE732B470F90007662A5 /* UIFont+.swift */ = {isa = PBXFileReference; lastKnownFileType = sourcecode.swift; path = "UIFont+.swift"; sourceTree = "<group>"; };
		6317EE7D2B480063007662A5 /* NetworkMonitor.swift */ = {isa = PBXFileReference; lastKnownFileType = sourcecode.swift; path = NetworkMonitor.swift; sourceTree = "<group>"; };
		6317EE872B480D20007662A5 /* APIKey.swift */ = {isa = PBXFileReference; lastKnownFileType = sourcecode.swift; path = APIKey.swift; sourceTree = "<group>"; };
		6317EE892B480D84007662A5 /* BaseURL.swift */ = {isa = PBXFileReference; lastKnownFileType = sourcecode.swift; path = BaseURL.swift; sourceTree = "<group>"; };
		6317EE962B487812007662A5 /* Requester.swift */ = {isa = PBXFileReference; lastKnownFileType = sourcecode.swift; path = Requester.swift; sourceTree = "<group>"; };
		6317EE982B487890007662A5 /* Responder.swift */ = {isa = PBXFileReference; lastKnownFileType = sourcecode.swift; path = Responder.swift; sourceTree = "<group>"; };
		6317EE9A2B487BE5007662A5 /* LilacAPIError.swift */ = {isa = PBXFileReference; lastKnownFileType = sourcecode.swift; path = LilacAPIError.swift; sourceTree = "<group>"; };
		6317EE9D2B487DD8007662A5 /* Auth + TargetType.swift */ = {isa = PBXFileReference; lastKnownFileType = sourcecode.swift; path = "Auth + TargetType.swift"; sourceTree = "<group>"; };
		633CB45B2B46B6E900448E9B /* Lilac.app */ = {isa = PBXFileReference; explicitFileType = wrapper.application; includeInIndex = 0; path = Lilac.app; sourceTree = BUILT_PRODUCTS_DIR; };
		633CB45E2B46B6E900448E9B /* AppDelegate.swift */ = {isa = PBXFileReference; lastKnownFileType = sourcecode.swift; path = AppDelegate.swift; sourceTree = "<group>"; };
		633CB4602B46B6E900448E9B /* SceneDelegate.swift */ = {isa = PBXFileReference; lastKnownFileType = sourcecode.swift; path = SceneDelegate.swift; sourceTree = "<group>"; };
		633CB4622B46B6E900448E9B /* ViewController.swift */ = {isa = PBXFileReference; lastKnownFileType = sourcecode.swift; path = ViewController.swift; sourceTree = "<group>"; };
		633CB4672B46B6EA00448E9B /* Assets.xcassets */ = {isa = PBXFileReference; lastKnownFileType = folder.assetcatalog; path = Assets.xcassets; sourceTree = "<group>"; };
		633CB46A2B46B6EA00448E9B /* Base */ = {isa = PBXFileReference; lastKnownFileType = file.storyboard; name = Base; path = Base.lproj/LaunchScreen.storyboard; sourceTree = "<group>"; };
		633CB46C2B46B6EA00448E9B /* Info.plist */ = {isa = PBXFileReference; lastKnownFileType = text.plist.xml; path = Info.plist; sourceTree = "<group>"; };
/* End PBXFileReference section */

/* Begin PBXFrameworksBuildPhase section */
		633CB4582B46B6E900448E9B /* Frameworks */ = {
			isa = PBXFrameworksBuildPhase;
			buildActionMask = 2147483647;
			files = (
				633CB4792B46B83F00448E9B /* SnapKit in Frameworks */,
				6317EE842B480C83007662A5 /* Alamofire in Frameworks */,
				633CB4762B46B82F00448E9B /* RxSwift in Frameworks */,
				6317EE922B487414007662A5 /* Moya in Frameworks */,
				633CB4742B46B82F00448E9B /* RxCocoa in Frameworks */,
			);
			runOnlyForDeploymentPostprocessing = 0;
		};
/* End PBXFrameworksBuildPhase section */

/* Begin PBXGroup section */
		6317EE6F2B470EAC007662A5 /* Product */ = {
			isa = PBXGroup;
			children = (
				6317EE702B470EDA007662A5 /* Label.swift */,
			);
			path = Product;
			sourceTree = "<group>";
		};
		6317EE722B470F7F007662A5 /* Extension */ = {
			isa = PBXGroup;
			children = (
				6317EE732B470F90007662A5 /* UIFont+.swift */,
			);
			path = Extension;
			sourceTree = "<group>";
		};
		6317EE7C2B480045007662A5 /* Tools */ = {
			isa = PBXGroup;
			children = (
				6317EE7D2B480063007662A5 /* NetworkMonitor.swift */,
			);
			path = Tools;
			sourceTree = "<group>";
		};
		6317EE862B480D00007662A5 /* Network */ = {
			isa = PBXGroup;
			children = (
				6317EE872B480D20007662A5 /* APIKey.swift */,
				6317EE892B480D84007662A5 /* BaseURL.swift */,
				6317EE932B487543007662A5 /* LilacAPI.swift */,
				6317EE9C2B487DAF007662A5 /* TargetType */,
				6317EE9A2B487BE5007662A5 /* LilacAPIError.swift */,
				6317EE952B4877EF007662A5 /* Model */,
			);
			path = Network;
			sourceTree = "<group>";
		};
			isa = PBXGroup;
			children = (
				6317EE962B487812007662A5 /* Requester.swift */,
				6317EE982B487890007662A5 /* Responder.swift */,
			);
			path = Model;
			sourceTree = "<group>";
		};
		6317EE9C2B487DAF007662A5 /* TargetType */ = {
			isa = PBXGroup;
			children = (
				6317EE9D2B487DD8007662A5 /* Auth + TargetType.swift */,
			);
			path = TargetType;
			sourceTree = "<group>";
		};
		633CB4522B46B6E900448E9B = {
			isa = PBXGroup;
			children = (
				633CB45D2B46B6E900448E9B /* Lilac */,
				633CB45C2B46B6E900448E9B /* Products */,
			);
			sourceTree = "<group>";
		};
		633CB45C2B46B6E900448E9B /* Products */ = {
			isa = PBXGroup;
			children = (
				633CB45B2B46B6E900448E9B /* Lilac.app */,
			);
			name = Products;
			sourceTree = "<group>";
		};
		633CB45D2B46B6E900448E9B /* Lilac */ = {
			isa = PBXGroup;
			children = (
				633CB45E2B46B6E900448E9B /* AppDelegate.swift */,
				633CB4602B46B6E900448E9B /* SceneDelegate.swift */,
				633CB4622B46B6E900448E9B /* ViewController.swift */,
				6317EE6F2B470EAC007662A5 /* Product */,
				6317EE862B480D00007662A5 /* Network */,
				6317EE7C2B480045007662A5 /* Tools */,
				6317EE722B470F7F007662A5 /* Extension */,
				633CB4672B46B6EA00448E9B /* Assets.xcassets */,
				633CB4692B46B6EA00448E9B /* LaunchScreen.storyboard */,
				633CB46C2B46B6EA00448E9B /* Info.plist */,
			);
			path = Lilac;
			sourceTree = "<group>";
		};
/* End PBXGroup section */

/* Begin PBXNativeTarget section */
		633CB45A2B46B6E900448E9B /* Lilac */ = {
			isa = PBXNativeTarget;
			buildConfigurationList = 633CB46F2B46B6EA00448E9B /* Build configuration list for PBXNativeTarget "Lilac" */;
			buildPhases = (
				633CB4572B46B6E900448E9B /* Sources */,
				633CB4582B46B6E900448E9B /* Frameworks */,
				633CB4592B46B6E900448E9B /* Resources */,
			);
			buildRules = (
			);
			dependencies = (
			);
			name = Lilac;
			packageProductDependencies = (
				633CB4732B46B82F00448E9B /* RxCocoa */,
				633CB4752B46B82F00448E9B /* RxSwift */,
				633CB4782B46B83F00448E9B /* SnapKit */,
				6317EE832B480C83007662A5 /* Alamofire */,
				6317EE912B487414007662A5 /* Moya */,
			);
			productName = Lilac;
			productReference = 633CB45B2B46B6E900448E9B /* Lilac.app */;
			productType = "com.apple.product-type.application";
		};
/* End PBXNativeTarget section */

/* Begin PBXProject section */
		633CB4532B46B6E900448E9B /* Project object */ = {
			isa = PBXProject;
			attributes = {
				BuildIndependentTargetsInParallel = 1;
				LastSwiftUpdateCheck = 1510;
				LastUpgradeCheck = 1510;
				TargetAttributes = {
					633CB45A2B46B6E900448E9B = {
						CreatedOnToolsVersion = 15.1;
					};
				};
			};
			buildConfigurationList = 633CB4562B46B6E900448E9B /* Build configuration list for PBXProject "Lilac" */;
			compatibilityVersion = "Xcode 14.0";
			developmentRegion = en;
			hasScannedForEncodings = 0;
			knownRegions = (
				en,
				Base,
			);
			mainGroup = 633CB4522B46B6E900448E9B;
			packageReferences = (
				633CB4722B46B82F00448E9B /* XCRemoteSwiftPackageReference "RxSwift" */,
				633CB4772B46B83F00448E9B /* XCRemoteSwiftPackageReference "SnapKit" */,
				6317EE822B480C83007662A5 /* XCRemoteSwiftPackageReference "Alamofire" */,
				6317EE902B487414007662A5 /* XCRemoteSwiftPackageReference "Moya" */,
			);
			productRefGroup = 633CB45C2B46B6E900448E9B /* Products */;
			projectDirPath = "";
			projectRoot = "";
			targets = (
				633CB45A2B46B6E900448E9B /* Lilac */,
			);
		};
/* End PBXProject section */

/* Begin PBXResourcesBuildPhase section */
		633CB4592B46B6E900448E9B /* Resources */ = {
			isa = PBXResourcesBuildPhase;
			buildActionMask = 2147483647;
			files = (
				633CB46B2B46B6EA00448E9B /* LaunchScreen.storyboard in Resources */,
				633CB4682B46B6EA00448E9B /* Assets.xcassets in Resources */,
			);
			runOnlyForDeploymentPostprocessing = 0;
		};
/* End PBXResourcesBuildPhase section */

/* Begin PBXSourcesBuildPhase section */
		633CB4572B46B6E900448E9B /* Sources */ = {
			isa = PBXSourcesBuildPhase;
			buildActionMask = 2147483647;
			files = (
				633CB4632B46B6E900448E9B /* ViewController.swift in Sources */,
				6317EE882B480D20007662A5 /* APIKey.swift in Sources */,
				6317EE9E2B487DD8007662A5 /* Auth + TargetType.swift in Sources */,
				6317EE7E2B480063007662A5 /* NetworkMonitor.swift in Sources */,
				633CB45F2B46B6E900448E9B /* AppDelegate.swift in Sources */,
				6317EE742B470F90007662A5 /* UIFont+.swift in Sources */,
				6317EE942B487543007662A5 /* LilacAPI.swift in Sources */,
				6317EE712B470EDA007662A5 /* Label.swift in Sources */,
				6317EE9B2B487BE5007662A5 /* LilacAPIError.swift in Sources */,
				6317EE8A2B480D84007662A5 /* BaseURL.swift in Sources */,
				6317EE992B487890007662A5 /* Responder.swift in Sources */,
				6317EE972B487812007662A5 /* Requester.swift in Sources */,
				633CB4612B46B6E900448E9B /* SceneDelegate.swift in Sources */,
			);
			runOnlyForDeploymentPostprocessing = 0;
		};
/* End PBXSourcesBuildPhase section */

/* Begin PBXVariantGroup section */
		633CB4692B46B6EA00448E9B /* LaunchScreen.storyboard */ = {
			isa = PBXVariantGroup;
			children = (
				633CB46A2B46B6EA00448E9B /* Base */,
			);
			name = LaunchScreen.storyboard;
			sourceTree = "<group>";
		};
/* End PBXVariantGroup section */

/* Begin XCBuildConfiguration section */
		633CB46D2B46B6EA00448E9B /* Debug */ = {
			isa = XCBuildConfiguration;
			buildSettings = {
				ALWAYS_SEARCH_USER_PATHS = NO;
				ASSETCATALOG_COMPILER_GENERATE_SWIFT_ASSET_SYMBOL_EXTENSIONS = YES;
				CLANG_ANALYZER_NONNULL = YES;
				CLANG_ANALYZER_NUMBER_OBJECT_CONVERSION = YES_AGGRESSIVE;
				CLANG_CXX_LANGUAGE_STANDARD = "gnu++20";
				CLANG_ENABLE_MODULES = YES;
				CLANG_ENABLE_OBJC_ARC = YES;
				CLANG_ENABLE_OBJC_WEAK = YES;
				CLANG_WARN_BLOCK_CAPTURE_AUTORELEASING = YES;
				CLANG_WARN_BOOL_CONVERSION = YES;
				CLANG_WARN_COMMA = YES;
				CLANG_WARN_CONSTANT_CONVERSION = YES;
				CLANG_WARN_DEPRECATED_OBJC_IMPLEMENTATIONS = YES;
				CLANG_WARN_DIRECT_OBJC_ISA_USAGE = YES_ERROR;
				CLANG_WARN_DOCUMENTATION_COMMENTS = YES;
				CLANG_WARN_EMPTY_BODY = YES;
				CLANG_WARN_ENUM_CONVERSION = YES;
				CLANG_WARN_INFINITE_RECURSION = YES;
				CLANG_WARN_INT_CONVERSION = YES;
				CLANG_WARN_NON_LITERAL_NULL_CONVERSION = YES;
				CLANG_WARN_OBJC_IMPLICIT_RETAIN_SELF = YES;
				CLANG_WARN_OBJC_LITERAL_CONVERSION = YES;
				CLANG_WARN_OBJC_ROOT_CLASS = YES_ERROR;
				CLANG_WARN_QUOTED_INCLUDE_IN_FRAMEWORK_HEADER = YES;
				CLANG_WARN_RANGE_LOOP_ANALYSIS = YES;
				CLANG_WARN_STRICT_PROTOTYPES = YES;
				CLANG_WARN_SUSPICIOUS_MOVE = YES;
				CLANG_WARN_UNGUARDED_AVAILABILITY = YES_AGGRESSIVE;
				CLANG_WARN_UNREACHABLE_CODE = YES;
				CLANG_WARN__DUPLICATE_METHOD_MATCH = YES;
				COPY_PHASE_STRIP = NO;
				DEBUG_INFORMATION_FORMAT = dwarf;
				ENABLE_STRICT_OBJC_MSGSEND = YES;
				ENABLE_TESTABILITY = YES;
				ENABLE_USER_SCRIPT_SANDBOXING = YES;
				GCC_C_LANGUAGE_STANDARD = gnu17;
				GCC_DYNAMIC_NO_PIC = NO;
				GCC_NO_COMMON_BLOCKS = YES;
				GCC_OPTIMIZATION_LEVEL = 0;
				GCC_PREPROCESSOR_DEFINITIONS = (
					"DEBUG=1",
					"$(inherited)",
				);
				GCC_WARN_64_TO_32_BIT_CONVERSION = YES;
				GCC_WARN_ABOUT_RETURN_TYPE = YES_ERROR;
				GCC_WARN_UNDECLARED_SELECTOR = YES;
				GCC_WARN_UNINITIALIZED_AUTOS = YES_AGGRESSIVE;
				GCC_WARN_UNUSED_FUNCTION = YES;
				GCC_WARN_UNUSED_VARIABLE = YES;
				IPHONEOS_DEPLOYMENT_TARGET = 17.2;
				LOCALIZATION_PREFERS_STRING_CATALOGS = YES;
				MTL_ENABLE_DEBUG_INFO = INCLUDE_SOURCE;
				MTL_FAST_MATH = YES;
				ONLY_ACTIVE_ARCH = YES;
				SDKROOT = iphoneos;
				SWIFT_ACTIVE_COMPILATION_CONDITIONS = "DEBUG $(inherited)";
				SWIFT_OPTIMIZATION_LEVEL = "-Onone";
			};
			name = Debug;
		};
		633CB46E2B46B6EA00448E9B /* Release */ = {
			isa = XCBuildConfiguration;
			buildSettings = {
				ALWAYS_SEARCH_USER_PATHS = NO;
				ASSETCATALOG_COMPILER_GENERATE_SWIFT_ASSET_SYMBOL_EXTENSIONS = YES;
				CLANG_ANALYZER_NONNULL = YES;
				CLANG_ANALYZER_NUMBER_OBJECT_CONVERSION = YES_AGGRESSIVE;
				CLANG_CXX_LANGUAGE_STANDARD = "gnu++20";
				CLANG_ENABLE_MODULES = YES;
				CLANG_ENABLE_OBJC_ARC = YES;
				CLANG_ENABLE_OBJC_WEAK = YES;
				CLANG_WARN_BLOCK_CAPTURE_AUTORELEASING = YES;
				CLANG_WARN_BOOL_CONVERSION = YES;
				CLANG_WARN_COMMA = YES;
				CLANG_WARN_CONSTANT_CONVERSION = YES;
				CLANG_WARN_DEPRECATED_OBJC_IMPLEMENTATIONS = YES;
				CLANG_WARN_DIRECT_OBJC_ISA_USAGE = YES_ERROR;
				CLANG_WARN_DOCUMENTATION_COMMENTS = YES;
				CLANG_WARN_EMPTY_BODY = YES;
				CLANG_WARN_ENUM_CONVERSION = YES;
				CLANG_WARN_INFINITE_RECURSION = YES;
				CLANG_WARN_INT_CONVERSION = YES;
				CLANG_WARN_NON_LITERAL_NULL_CONVERSION = YES;
				CLANG_WARN_OBJC_IMPLICIT_RETAIN_SELF = YES;
				CLANG_WARN_OBJC_LITERAL_CONVERSION = YES;
				CLANG_WARN_OBJC_ROOT_CLASS = YES_ERROR;
				CLANG_WARN_QUOTED_INCLUDE_IN_FRAMEWORK_HEADER = YES;
				CLANG_WARN_RANGE_LOOP_ANALYSIS = YES;
				CLANG_WARN_STRICT_PROTOTYPES = YES;
				CLANG_WARN_SUSPICIOUS_MOVE = YES;
				CLANG_WARN_UNGUARDED_AVAILABILITY = YES_AGGRESSIVE;
				CLANG_WARN_UNREACHABLE_CODE = YES;
				CLANG_WARN__DUPLICATE_METHOD_MATCH = YES;
				COPY_PHASE_STRIP = NO;
				DEBUG_INFORMATION_FORMAT = "dwarf-with-dsym";
				ENABLE_NS_ASSERTIONS = NO;
				ENABLE_STRICT_OBJC_MSGSEND = YES;
				ENABLE_USER_SCRIPT_SANDBOXING = YES;
				GCC_C_LANGUAGE_STANDARD = gnu17;
				GCC_NO_COMMON_BLOCKS = YES;
				GCC_WARN_64_TO_32_BIT_CONVERSION = YES;
				GCC_WARN_ABOUT_RETURN_TYPE = YES_ERROR;
				GCC_WARN_UNDECLARED_SELECTOR = YES;
				GCC_WARN_UNINITIALIZED_AUTOS = YES_AGGRESSIVE;
				GCC_WARN_UNUSED_FUNCTION = YES;
				GCC_WARN_UNUSED_VARIABLE = YES;
				IPHONEOS_DEPLOYMENT_TARGET = 17.2;
				LOCALIZATION_PREFERS_STRING_CATALOGS = YES;
				MTL_ENABLE_DEBUG_INFO = NO;
				MTL_FAST_MATH = YES;
				SDKROOT = iphoneos;
				SWIFT_COMPILATION_MODE = wholemodule;
				VALIDATE_PRODUCT = YES;
			};
			name = Release;
		};
		633CB4702B46B6EA00448E9B /* Debug */ = {
			isa = XCBuildConfiguration;
			buildSettings = {
				ASSETCATALOG_COMPILER_APPICON_NAME = AppIcon;
				ASSETCATALOG_COMPILER_GLOBAL_ACCENT_COLOR_NAME = AccentColor;
				CODE_SIGN_STYLE = Automatic;
				CURRENT_PROJECT_VERSION = 1;
				GENERATE_INFOPLIST_FILE = YES;
				INFOPLIST_FILE = Lilac/Info.plist;
				INFOPLIST_KEY_CFBundleDisplayName = "라일락";
				INFOPLIST_KEY_LSApplicationCategoryType = "public.app-category.social-networking";
				INFOPLIST_KEY_UIApplicationSupportsIndirectInputEvents = YES;
				INFOPLIST_KEY_UILaunchStoryboardName = LaunchScreen;
				INFOPLIST_KEY_UISupportedInterfaceOrientations = UIInterfaceOrientationPortrait;
				INFOPLIST_KEY_UISupportedInterfaceOrientations_iPad = "UIInterfaceOrientationLandscapeLeft UIInterfaceOrientationLandscapeRight UIInterfaceOrientationPortrait UIInterfaceOrientationPortraitUpsideDown";
				IPHONEOS_DEPLOYMENT_TARGET = 16.0;
				LD_RUNPATH_SEARCH_PATHS = (
					"$(inherited)",
					"@executable_path/Frameworks",
				);
				MARKETING_VERSION = 1.0;
				PRODUCT_BUNDLE_IDENTIFIER = "com.steady-on.Lilac";
				PRODUCT_NAME = "$(TARGET_NAME)";
				SUPPORTED_PLATFORMS = "iphoneos iphonesimulator";
				SUPPORTS_MACCATALYST = NO;
				SUPPORTS_MAC_DESIGNED_FOR_IPHONE_IPAD = NO;
				SWIFT_EMIT_LOC_STRINGS = YES;
				SWIFT_VERSION = 5.0;
				TARGETED_DEVICE_FAMILY = 1;
			};
			name = Debug;
		};
		633CB4712B46B6EA00448E9B /* Release */ = {
			isa = XCBuildConfiguration;
			buildSettings = {
				ASSETCATALOG_COMPILER_APPICON_NAME = AppIcon;
				ASSETCATALOG_COMPILER_GLOBAL_ACCENT_COLOR_NAME = AccentColor;
				CODE_SIGN_STYLE = Automatic;
				CURRENT_PROJECT_VERSION = 1;
				GENERATE_INFOPLIST_FILE = YES;
				INFOPLIST_FILE = Lilac/Info.plist;
				INFOPLIST_KEY_CFBundleDisplayName = "라일락";
				INFOPLIST_KEY_LSApplicationCategoryType = "public.app-category.social-networking";
				INFOPLIST_KEY_UIApplicationSupportsIndirectInputEvents = YES;
				INFOPLIST_KEY_UILaunchStoryboardName = LaunchScreen;
				INFOPLIST_KEY_UISupportedInterfaceOrientations = UIInterfaceOrientationPortrait;
				INFOPLIST_KEY_UISupportedInterfaceOrientations_iPad = "UIInterfaceOrientationLandscapeLeft UIInterfaceOrientationLandscapeRight UIInterfaceOrientationPortrait UIInterfaceOrientationPortraitUpsideDown";
				IPHONEOS_DEPLOYMENT_TARGET = 16.0;
				LD_RUNPATH_SEARCH_PATHS = (
					"$(inherited)",
					"@executable_path/Frameworks",
				);
				MARKETING_VERSION = 1.0;
				PRODUCT_BUNDLE_IDENTIFIER = "com.steady-on.Lilac";
				PRODUCT_NAME = "$(TARGET_NAME)";
				SUPPORTED_PLATFORMS = "iphoneos iphonesimulator";
				SUPPORTS_MACCATALYST = NO;
				SUPPORTS_MAC_DESIGNED_FOR_IPHONE_IPAD = NO;
				SWIFT_EMIT_LOC_STRINGS = YES;
				SWIFT_VERSION = 5.0;
				TARGETED_DEVICE_FAMILY = 1;
			};
			name = Release;
		};
/* End XCBuildConfiguration section */

/* Begin XCConfigurationList section */
		633CB4562B46B6E900448E9B /* Build configuration list for PBXProject "Lilac" */ = {
			isa = XCConfigurationList;
			buildConfigurations = (
				633CB46D2B46B6EA00448E9B /* Debug */,
				633CB46E2B46B6EA00448E9B /* Release */,
			);
			defaultConfigurationIsVisible = 0;
			defaultConfigurationName = Release;
		};
		633CB46F2B46B6EA00448E9B /* Build configuration list for PBXNativeTarget "Lilac" */ = {
			isa = XCConfigurationList;
			buildConfigurations = (
				633CB4702B46B6EA00448E9B /* Debug */,
				633CB4712B46B6EA00448E9B /* Release */,
			);
			defaultConfigurationIsVisible = 0;
			defaultConfigurationName = Release;
		};
/* End XCConfigurationList section */

/* Begin XCRemoteSwiftPackageReference section */
		6317EE822B480C83007662A5 /* XCRemoteSwiftPackageReference "Alamofire" */ = {
			isa = XCRemoteSwiftPackageReference;
			repositoryURL = "https://github.com/Alamofire/Alamofire";
			requirement = {
				kind = upToNextMajorVersion;
				minimumVersion = 5.8.1;
			};
		};
		6317EE902B487414007662A5 /* XCRemoteSwiftPackageReference "Moya" */ = {
			isa = XCRemoteSwiftPackageReference;
			repositoryURL = "https://github.com/Moya/Moya.git";
			requirement = {
				kind = upToNextMajorVersion;
				minimumVersion = 15.0.3;
			};
		};
		633CB4722B46B82F00448E9B /* XCRemoteSwiftPackageReference "RxSwift" */ = {
			isa = XCRemoteSwiftPackageReference;
			repositoryURL = "https://github.com/ReactiveX/RxSwift.git";
			requirement = {
				kind = upToNextMajorVersion;
				minimumVersion = 6.6.0;
			};
		};
		633CB4772B46B83F00448E9B /* XCRemoteSwiftPackageReference "SnapKit" */ = {
			isa = XCRemoteSwiftPackageReference;
			repositoryURL = "https://github.com/SnapKit/SnapKit.git";
			requirement = {
				kind = upToNextMajorVersion;
				minimumVersion = 5.7.0;
			};
		};
/* End XCRemoteSwiftPackageReference section */

/* Begin XCSwiftPackageProductDependency section */
		6317EE832B480C83007662A5 /* Alamofire */ = {
			isa = XCSwiftPackageProductDependency;
			package = 6317EE822B480C83007662A5 /* XCRemoteSwiftPackageReference "Alamofire" */;
			productName = Alamofire;
		};
		6317EE912B487414007662A5 /* Moya */ = {
			isa = XCSwiftPackageProductDependency;
			package = 6317EE902B487414007662A5 /* XCRemoteSwiftPackageReference "Moya" */;
			productName = Moya;
		};
		633CB4732B46B82F00448E9B /* RxCocoa */ = {
			isa = XCSwiftPackageProductDependency;
			package = 633CB4722B46B82F00448E9B /* XCRemoteSwiftPackageReference "RxSwift" */;
			productName = RxCocoa;
		};
		633CB4752B46B82F00448E9B /* RxSwift */ = {
			isa = XCSwiftPackageProductDependency;
			package = 633CB4722B46B82F00448E9B /* XCRemoteSwiftPackageReference "RxSwift" */;
			productName = RxSwift;
		};
		633CB4782B46B83F00448E9B /* SnapKit */ = {
			isa = XCSwiftPackageProductDependency;
			package = 633CB4772B46B83F00448E9B /* XCRemoteSwiftPackageReference "SnapKit" */;
			productName = SnapKit;
		};
/* End XCSwiftPackageProductDependency section */
	};
	rootObject = 633CB4532B46B6E900448E9B /* Project object */;
}
